
Microsoft Visual Studio Solution File, Format Version 12.00
# Visual Studio Version 16
VisualStudioVersion = 16.0.28803.156
MinimumVisualStudioVersion = 10.0.40219.1
Project("{9A19103F-16F7-4668-BE54-9A1E7A4F7556}") = "DistributedDashboard", "DistributedDashboard\DistributedDashboard.csproj", "{02853FC7-75D6-4CA9-930C-47231167BD9D}"
EndProject
Project("{9A19103F-16F7-4668-BE54-9A1E7A4F7556}") = "DistributedAPI", "DistributedWriter\DistributedAPI.csproj", "{52E0F0D3-AFE8-450C-904D-6463DFCAE3B7}"
EndProject
Project("{FAE04EC0-301F-11D3-BF4B-00C04F79EFBC}") = "DistributedModels", "DistributedModels\DistributedModels.csproj", "{59B5BE52-D10D-4F69-87EC-FB8552CD1F28}"
EndProject
Global
	GlobalSection(SolutionConfigurationPlatforms) = preSolution
		Debug|Any CPU = Debug|Any CPU
		Release|Any CPU = Release|Any CPU
	EndGlobalSection
	GlobalSection(ProjectConfigurationPlatforms) = postSolution
		{02853FC7-75D6-4CA9-930C-47231167BD9D}.Debug|Any CPU.ActiveCfg = Debug|Any CPU
		{02853FC7-75D6-4CA9-930C-47231167BD9D}.Debug|Any CPU.Build.0 = Debug|Any CPU
		{02853FC7-75D6-4CA9-930C-47231167BD9D}.Release|Any CPU.ActiveCfg = Release|Any CPU
		{02853FC7-75D6-4CA9-930C-47231167BD9D}.Release|Any CPU.Build.0 = Release|Any CPU
		{52E0F0D3-AFE8-450C-904D-6463DFCAE3B7}.Debug|Any CPU.ActiveCfg = Debug|Any CPU
		{52E0F0D3-AFE8-450C-904D-6463DFCAE3B7}.Debug|Any CPU.Build.0 = Debug|Any CPU
		{52E0F0D3-AFE8-450C-904D-6463DFCAE3B7}.Release|Any CPU.ActiveCfg = Release|Any CPU
		{52E0F0D3-AFE8-450C-904D-6463DFCAE3B7}.Release|Any CPU.Build.0 = Release|Any CPU
		{59B5BE52-D10D-4F69-87EC-FB8552CD1F28}.Debug|Any CPU.ActiveCfg = Debug|Any CPU
		{59B5BE52-D10D-4F69-87EC-FB8552CD1F28}.Debug|Any CPU.Build.0 = Debug|Any CPU
		{59B5BE52-D10D-4F69-87EC-FB8552CD1F28}.Release|Any CPU.ActiveCfg = Release|Any CPU
		{59B5BE52-D10D-4F69-87EC-FB8552CD1F28}.Release|Any CPU.Build.0 = Release|Any CPU
	EndGlobalSection
	GlobalSection(SolutionProperties) = preSolution
		HideSolutionNode = FALSE
	EndGlobalSection
	GlobalSection(ExtensibilityGlobals) = postSolution
		SolutionGuid = {B8D8B25B-0B30-4D9E-9196-870150879A87}
	EndGlobalSection
EndGlobal
